
Microsoft Visual Studio Solution File, Format Version 12.00
# Visual Studio Version 16
VisualStudioVersion = 16.0.31019.35
MinimumVisualStudioVersion = 10.0.40219.1
Project("{9A19103F-16F7-4668-BE54-9A1E7A4F7556}") = "Entities", "Entities\Entities.csproj", "{098FDE88-AE1A-4BA0-BFD6-A9301D2AE867}"
EndProject
Project("{9A19103F-16F7-4668-BE54-9A1E7A4F7556}") = "DataAccess", "DataAccess\DataAccess.csproj", "{1F7FF39E-EFC3-491D-8E4C-CB8A27F5A42D}"
EndProject
Project("{9A19103F-16F7-4668-BE54-9A1E7A4F7556}") = "Business", "Business\Business.csproj", "{A11CE474-45C2-4B8B-8211-CA42121EDDEF}"
EndProject
Project("{FAE04EC0-301F-11D3-BF4B-00C04F79EFBC}") = "ConsoleUI", "ConsoleUI\ConsoleUI.csproj", "{0EF829F4-8F55-4A3C-9253-50B81B4A3BA9}"
EndProject
Global
	GlobalSection(SolutionConfigurationPlatforms) = preSolution
		Debug|Any CPU = Debug|Any CPU
		Release|Any CPU = Release|Any CPU
	EndGlobalSection
	GlobalSection(ProjectConfigurationPlatforms) = postSolution
		{098FDE88-AE1A-4BA0-BFD6-A9301D2AE867}.Debug|Any CPU.ActiveCfg = Debug|Any CPU
		{098FDE88-AE1A-4BA0-BFD6-A9301D2AE867}.Debug|Any CPU.Build.0 = Debug|Any CPU
		{098FDE88-AE1A-4BA0-BFD6-A9301D2AE867}.Release|Any CPU.ActiveCfg = Release|Any CPU
		{098FDE88-AE1A-4BA0-BFD6-A9301D2AE867}.Release|Any CPU.Build.0 = Release|Any CPU
		{1F7FF39E-EFC3-491D-8E4C-CB8A27F5A42D}.Debug|Any CPU.ActiveCfg = Debug|Any CPU
		{1F7FF39E-EFC3-491D-8E4C-CB8A27F5A42D}.Debug|Any CPU.Build.0 = Debug|Any CPU
		{1F7FF39E-EFC3-491D-8E4C-CB8A27F5A42D}.Release|Any CPU.ActiveCfg = Release|Any CPU
		{1F7FF39E-EFC3-491D-8E4C-CB8A27F5A42D}.Release|Any CPU.Build.0 = Release|Any CPU
		{A11CE474-45C2-4B8B-8211-CA42121EDDEF}.Debug|Any CPU.ActiveCfg = Debug|Any CPU
		{A11CE474-45C2-4B8B-8211-CA42121EDDEF}.Debug|Any CPU.Build.0 = Debug|Any CPU
		{A11CE474-45C2-4B8B-8211-CA42121EDDEF}.Release|Any CPU.ActiveCfg = Release|Any CPU
		{A11CE474-45C2-4B8B-8211-CA42121EDDEF}.Release|Any CPU.Build.0 = Release|Any CPU
		{0EF829F4-8F55-4A3C-9253-50B81B4A3BA9}.Debug|Any CPU.ActiveCfg = Debug|Any CPU
		{0EF829F4-8F55-4A3C-9253-50B81B4A3BA9}.Debug|Any CPU.Build.0 = Debug|Any CPU
		{0EF829F4-8F55-4A3C-9253-50B81B4A3BA9}.Release|Any CPU.ActiveCfg = Release|Any CPU
		{0EF829F4-8F55-4A3C-9253-50B81B4A3BA9}.Release|Any CPU.Build.0 = Release|Any CPU
	EndGlobalSection
	GlobalSection(SolutionProperties) = preSolution
		HideSolutionNode = FALSE
	EndGlobalSection
	GlobalSection(ExtensibilityGlobals) = postSolution
		SolutionGuid = {5BE4C573-F0A0-4B1B-9826-1969167FDA66}
	EndGlobalSection
EndGlobal
